
Microsoft Visual Studio Solution File, Format Version 12.00
# Visual Studio Version 17
VisualStudioVersion = 17.3.32929.385
MinimumVisualStudioVersion = 10.0.40219.1
Project("{9A19103F-16F7-4668-BE54-9A1E7A4F7556}") = "Droid_Inventory_Management_Tool", "Droid_Inventory_Management_Tool\Droid_Inventory_Management_Tool.csproj", "{B08563D8-4DC7-4F1F-944D-63F0FE7EB723}"
EndProject
Global
	GlobalSection(SolutionConfigurationPlatforms) = preSolution
		Debug|Any CPU = Debug|Any CPU
		Release|Any CPU = Release|Any CPU
	EndGlobalSection
	GlobalSection(ProjectConfigurationPlatforms) = postSolution
		{B08563D8-4DC7-4F1F-944D-63F0FE7EB723}.Debug|Any CPU.ActiveCfg = Debug|Any CPU
		{B08563D8-4DC7-4F1F-944D-63F0FE7EB723}.Debug|Any CPU.Build.0 = Debug|Any CPU
		{B08563D8-4DC7-4F1F-944D-63F0FE7EB723}.Release|Any CPU.ActiveCfg = Release|Any CPU
		{B08563D8-4DC7-4F1F-944D-63F0FE7EB723}.Release|Any CPU.Build.0 = Release|Any CPU
	EndGlobalSection
	GlobalSection(SolutionProperties) = preSolution
		HideSolutionNode = FALSE
	EndGlobalSection
	GlobalSection(ExtensibilityGlobals) = postSolution
		SolutionGuid = {B64F4DE6-27F2-40EA-99E8-09C53DAB965C}
	EndGlobalSection
EndGlobal
